{
    "version": 3,
    "terraform_version": "0.10.0",
    "serial": 2,
    "lineage": "d3ac25f6-cffd-457e-b754-a8ebb385a5e4",
    "modules": [
        {
            "path": [
                "root"
            ],
            "outputs": {
                "Node-1 PublicIP": {
                    "sensitive": false,
                    "type": "string",
                    "value": "129.213.19.21"
                },
                "Node-2 PublicIP": {
                    "sensitive": false,
                    "type": "string",
                    "value": "129.213.44.203"
                },
                "Node-3 PublicIP": {
                    "sensitive": false,
                    "type": "string",
                    "value": "129.213.52.54"
                }
            },
            "resources": {},
            "depends_on": []
        },
        {
            "path": [
                "root",
                "node-1"
            ],
            "outputs": {
                "private_ip": {
                    "sensitive": false,
                    "type": "string",
                    "value": "10.0.1.2"
                },
                "public_ip": {
                    "sensitive": false,
                    "type": "string",
                    "value": "129.213.19.21"
                }
            },
            "resources": {
                "baremetal_core_instance.compute_instance": {
                    "type": "baremetal_core_instance",
                    "depends_on": [
                        "data.baremetal_identity_availability_domains.ADs"
                    ],
                    "primary": {
                        "id": "ocid1.instance.oc1.iad.abuwcljrvc7tskpikernslgdhkty737dnccfam5bvupunj4sqecswzdfuvna",
                        "attributes": {
                            "availability_domain": "Rmpq:US-ASHBURN-AD-1",
                            "compartment_id": "ocid1.compartment.oc1..aaaaaaaa6qol5npt7axqzq4ijrcds2mv7dxyj7wmnojl4jrmlmipr2nq7w6a",
                            "display_name": "Node-1",
                            "id": "ocid1.instance.oc1.iad.abuwcljrvc7tskpikernslgdhkty737dnccfam5bvupunj4sqecswzdfuvna",
                            "image": "ocid1.image.oc1.iad.aaaaaaaajddos6sxjpjyaaqs6l7i7pph2xkphfadodeeyet3yoiumwseicda",
                            "ipxe_script": "",
                            "metadata.%": "1",
                            "metadata.ssh_authorized_keys": "ssh-rsa AAAAB3NzaC1yc2EAAAABJQAAAQEAubnNvitlK3yb2EFrbwPDfiTQqdQOlMBOw90Y7HuTHE5MFukR5D25tZUIPJQOVlhBn9Ox1qHVXDfdfq5DBrZ0NGKogd+gGjCa4ZW+05Yrzvg5a9BLn7KMxP1FA1RuleRz+Y4tY/sGl422xSlCqGOi+gPFcIHtg8vKlvMFzA+MDXLhlEib/A0b++GEaxqgzlKPQVkg5m8Ed1n2/hfTHvnmbAAWQtbZIJGsYCrnz1mFjd4Jwq+n0wRUTY/Maq56HVYPaKv1mTvcS85s2WZJfa1r8jGWYRgWkjobRmnBYsd+ZkVSXQzV5l9T8eBtpFcicjT51rkDNQLpIAuwfSZVTAunNw== rsa-key-20170220",
                            "private_ip": "10.0.1.2",
                            "public_ip": "129.213.19.21",
                            "region": "iad",
                            "shape": "VM.Standard1.1",
                            "state": "RUNNING",
                            "subnet_id": "ocid1.subnet.oc1.iad.aaaaaaaawctd46l4bl6jt5j2d33kbsb3xx76bbg7rq4jw626cp32yr52o7cq",
                            "time_created": "2017-09-07 20:08:31.841 +0000 UTC"
                        },
                        "meta": {
                            "e2bfb730-ecaa-11e6-8f88-34363bc7c4c0": {
                                "create": 7200000000000,
                                "delete": 7200000000000,
                                "update": 7200000000000
                            }
                        },
                        "tainted": false
                    },
                    "deposed": [],
                    "provider": ""
                },
                "data.baremetal_core_vnic.InstanceVnic": {
                    "type": "baremetal_core_vnic",
                    "depends_on": [
                        "data.baremetal_core_vnic_attachments.InstanceVnics"
                    ],
                    "primary": {
                        "id": "ocid1.vnic.oc1.iad.abuwcljrympcfvifjjma3eks5vwzsujtsg62ixskwcekqecj6f7k3brw7sba",
                        "attributes": {
                            "availability_domain": "Rmpq:US-ASHBURN-AD-1",
                            "compartment_id": "ocid1.compartment.oc1..aaaaaaaa6qol5npt7axqzq4ijrcds2mv7dxyj7wmnojl4jrmlmipr2nq7w6a",
                            "display_name": "Node-1",
                            "hostname_label": "",
                            "id": "ocid1.vnic.oc1.iad.abuwcljrympcfvifjjma3eks5vwzsujtsg62ixskwcekqecj6f7k3brw7sba",
                            "private_ip_address": "10.0.1.2",
                            "public_ip_address": "129.213.19.21",
                            "state": "AVAILABLE",
                            "subnet_id": "ocid1.subnet.oc1.iad.aaaaaaaawctd46l4bl6jt5j2d33kbsb3xx76bbg7rq4jw626cp32yr52o7cq",
                            "vnic_id": "ocid1.vnic.oc1.iad.abuwcljrympcfvifjjma3eks5vwzsujtsg62ixskwcekqecj6f7k3brw7sba"
                        },
                        "meta": {},
                        "tainted": false
                    },
                    "deposed": [],
                    "provider": ""
                },
                "data.baremetal_core_vnic_attachments.InstanceVnics": {
                    "type": "baremetal_core_vnic_attachments",
                    "depends_on": [
                        "baremetal_core_instance.compute_instance",
                        "data.baremetal_identity_availability_domains.ADs"
                    ],
                    "primary": {
                        "id": "2017-09-07 20:09:26.7536007 +0000 UTC",
                        "attributes": {
                            "availability_domain": "Rmpq:US-ASHBURN-AD-1",
                            "compartment_id": "ocid1.compartment.oc1..aaaaaaaa6qol5npt7axqzq4ijrcds2mv7dxyj7wmnojl4jrmlmipr2nq7w6a",
                            "id": "2017-09-07 20:09:26.7536007 +0000 UTC",
                            "instance_id": "ocid1.instance.oc1.iad.abuwcljrvc7tskpikernslgdhkty737dnccfam5bvupunj4sqecswzdfuvna",
                            "vnic_attachments.#": "1",
                            "vnic_attachments.0.availability_domain": "Rmpq:US-ASHBURN-AD-1",
                            "vnic_attachments.0.compartment_id": "ocid1.compartment.oc1..aaaaaaaa6qol5npt7axqzq4ijrcds2mv7dxyj7wmnojl4jrmlmipr2nq7w6a",
                            "vnic_attachments.0.display_name": "",
                            "vnic_attachments.0.id": "ocid1.vnicattachment.oc1.iad.abuwcljrqbkvaj37l7biufjz5sd2oeaf34z3u6rkbnkgwvhjxrr5m5lqmbpa",
                            "vnic_attachments.0.instance_id": "ocid1.instance.oc1.iad.abuwcljrvc7tskpikernslgdhkty737dnccfam5bvupunj4sqecswzdfuvna",
                            "vnic_attachments.0.state": "ATTACHED",
                            "vnic_attachments.0.subnet_id": "ocid1.subnet.oc1.iad.aaaaaaaawctd46l4bl6jt5j2d33kbsb3xx76bbg7rq4jw626cp32yr52o7cq",
                            "vnic_attachments.0.time_created": "Thu, 07 Sep 2017 20:08:38 UTC",
                            "vnic_attachments.0.vnic_id": "ocid1.vnic.oc1.iad.abuwcljrympcfvifjjma3eks5vwzsujtsg62ixskwcekqecj6f7k3brw7sba"
                        },
                        "meta": {},
                        "tainted": false
                    },
                    "deposed": [],
                    "provider": ""
                },
                "data.baremetal_identity_availability_domains.ADs": {
                    "type": "baremetal_identity_availability_domains",
                    "depends_on": [],
                    "primary": {
                        "id": "2017-09-07 20:07:40.9635651 +0000 UTC",
                        "attributes": {
                            "availability_domains.#": "3",
                            "availability_domains.0.compartment_id": "ocid1.tenancy.oc1..aaaaaaaa7qrtmx66usnq3ijgsx5wem4jtncur2nioncm6v3xo7qciujtgwhq",
                            "availability_domains.0.name": "Rmpq:US-ASHBURN-AD-1",
                            "availability_domains.1.compartment_id": "ocid1.tenancy.oc1..aaaaaaaa7qrtmx66usnq3ijgsx5wem4jtncur2nioncm6v3xo7qciujtgwhq",
                            "availability_domains.1.name": "Rmpq:US-ASHBURN-AD-2",
                            "availability_domains.2.compartment_id": "ocid1.tenancy.oc1..aaaaaaaa7qrtmx66usnq3ijgsx5wem4jtncur2nioncm6v3xo7qciujtgwhq",
                            "availability_domains.2.name": "Rmpq:US-ASHBURN-AD-3",
                            "compartment_id": "ocid1.tenancy.oc1..aaaaaaaa7qrtmx66usnq3ijgsx5wem4jtncur2nioncm6v3xo7qciujtgwhq",
                            "id": "2017-09-07 20:07:40.9635651 +0000 UTC"
                        },
                        "meta": {},
                        "tainted": false
                    },
                    "deposed": [],
                    "provider": ""
                }
            },
            "depends_on": []
        },
        {
            "path": [
                "root",
                "node-2"
            ],
            "outputs": {
                "private_ip": {
                    "sensitive": false,
                    "type": "string",
                    "value": "10.0.2.2"
                },
                "public_ip": {
                    "sensitive": false,
                    "type": "string",
                    "value": "129.213.44.203"
                }
            },
            "resources": {
                "baremetal_core_instance.compute_instance": {
                    "type": "baremetal_core_instance",
                    "depends_on": [
                        "data.baremetal_identity_availability_domains.ADs"
                    ],
                    "primary": {
                        "id": "ocid1.instance.oc1.iad.abuwcljsri3pctsjfdiqwodutywebr7ytrnrergf54byq5dc33vaz3ha6xna",
                        "attributes": {
                            "availability_domain": "Rmpq:US-ASHBURN-AD-2",
                            "compartment_id": "ocid1.compartment.oc1..aaaaaaaa6qol5npt7axqzq4ijrcds2mv7dxyj7wmnojl4jrmlmipr2nq7w6a",
                            "display_name": "Node-2",
                            "id": "ocid1.instance.oc1.iad.abuwcljsri3pctsjfdiqwodutywebr7ytrnrergf54byq5dc33vaz3ha6xna",
                            "image": "ocid1.image.oc1.iad.aaaaaaaajddos6sxjpjyaaqs6l7i7pph2xkphfadodeeyet3yoiumwseicda",
                            "ipxe_script": "",
                            "metadata.%": "1",
                            "metadata.ssh_authorized_keys": "ssh-rsa AAAAB3NzaC1yc2EAAAABJQAAAQEAubnNvitlK3yb2EFrbwPDfiTQqdQOlMBOw90Y7HuTHE5MFukR5D25tZUIPJQOVlhBn9Ox1qHVXDfdfq5DBrZ0NGKogd+gGjCa4ZW+05Yrzvg5a9BLn7KMxP1FA1RuleRz+Y4tY/sGl422xSlCqGOi+gPFcIHtg8vKlvMFzA+MDXLhlEib/A0b++GEaxqgzlKPQVkg5m8Ed1n2/hfTHvnmbAAWQtbZIJGsYCrnz1mFjd4Jwq+n0wRUTY/Maq56HVYPaKv1mTvcS85s2WZJfa1r8jGWYRgWkjobRmnBYsd+ZkVSXQzV5l9T8eBtpFcicjT51rkDNQLpIAuwfSZVTAunNw== rsa-key-20170220",
                            "private_ip": "10.0.2.2",
                            "public_ip": "129.213.44.203",
                            "region": "iad",
                            "shape": "VM.Standard1.1",
                            "state": "RUNNING",
                            "subnet_id": "ocid1.subnet.oc1.iad.aaaaaaaasfqpzubyfyh6ksbfzebgso6j6oolacmprpxpfmltl56ctgouq4tq",
                            "time_created": "2017-09-07 20:08:29.761 +0000 UTC"
                        },
                        "meta": {
                            "e2bfb730-ecaa-11e6-8f88-34363bc7c4c0": {
                                "create": 7200000000000,
                                "delete": 7200000000000,
                                "update": 7200000000000
                            }
                        },
                        "tainted": false
                    },
                    "deposed": [],
                    "provider": ""
                },
                "data.baremetal_core_vnic.InstanceVnic": {
                    "type": "baremetal_core_vnic",
                    "depends_on": [
                        "data.baremetal_core_vnic_attachments.InstanceVnics"
                    ],
                    "primary": {
                        "id": "ocid1.vnic.oc1.iad.abuwcljslyqmznvecb5j4uadngpc6yzbrrbqf2vhs7e5s5b5ghn7hrpj2c7a",
                        "attributes": {
                            "availability_domain": "Rmpq:US-ASHBURN-AD-2",
                            "compartment_id": "ocid1.compartment.oc1..aaaaaaaa6qol5npt7axqzq4ijrcds2mv7dxyj7wmnojl4jrmlmipr2nq7w6a",
                            "display_name": "Node-2",
                            "hostname_label": "",
                            "id": "ocid1.vnic.oc1.iad.abuwcljslyqmznvecb5j4uadngpc6yzbrrbqf2vhs7e5s5b5ghn7hrpj2c7a",
                            "private_ip_address": "10.0.2.2",
                            "public_ip_address": "129.213.44.203",
                            "state": "AVAILABLE",
                            "subnet_id": "ocid1.subnet.oc1.iad.aaaaaaaasfqpzubyfyh6ksbfzebgso6j6oolacmprpxpfmltl56ctgouq4tq",
                            "vnic_id": "ocid1.vnic.oc1.iad.abuwcljslyqmznvecb5j4uadngpc6yzbrrbqf2vhs7e5s5b5ghn7hrpj2c7a"
                        },
                        "meta": {},
                        "tainted": false
                    },
                    "deposed": [],
                    "provider": ""
                },
                "data.baremetal_core_vnic_attachments.InstanceVnics": {
                    "type": "baremetal_core_vnic_attachments",
                    "depends_on": [
                        "baremetal_core_instance.compute_instance",
                        "data.baremetal_identity_availability_domains.ADs"
                    ],
                    "primary": {
                        "id": "2017-09-07 20:09:24.8487347 +0000 UTC",
                        "attributes": {
                            "availability_domain": "Rmpq:US-ASHBURN-AD-2",
                            "compartment_id": "ocid1.compartment.oc1..aaaaaaaa6qol5npt7axqzq4ijrcds2mv7dxyj7wmnojl4jrmlmipr2nq7w6a",
                            "id": "2017-09-07 20:09:24.8487347 +0000 UTC",
                            "instance_id": "ocid1.instance.oc1.iad.abuwcljsri3pctsjfdiqwodutywebr7ytrnrergf54byq5dc33vaz3ha6xna",
                            "vnic_attachments.#": "1",
                            "vnic_attachments.0.availability_domain": "Rmpq:US-ASHBURN-AD-2",
                            "vnic_attachments.0.compartment_id": "ocid1.compartment.oc1..aaaaaaaa6qol5npt7axqzq4ijrcds2mv7dxyj7wmnojl4jrmlmipr2nq7w6a",
                            "vnic_attachments.0.display_name": "",
                            "vnic_attachments.0.id": "ocid1.vnicattachment.oc1.iad.abuwcljsuisjchu2oilrlns6wu7hijnatipkk22fzbzrthoj6n7jbikca3aa",
                            "vnic_attachments.0.instance_id": "ocid1.instance.oc1.iad.abuwcljsri3pctsjfdiqwodutywebr7ytrnrergf54byq5dc33vaz3ha6xna",
                            "vnic_attachments.0.state": "ATTACHED",
                            "vnic_attachments.0.subnet_id": "ocid1.subnet.oc1.iad.aaaaaaaasfqpzubyfyh6ksbfzebgso6j6oolacmprpxpfmltl56ctgouq4tq",
                            "vnic_attachments.0.time_created": "Thu, 07 Sep 2017 20:08:40 UTC",
                            "vnic_attachments.0.vnic_id": "ocid1.vnic.oc1.iad.abuwcljslyqmznvecb5j4uadngpc6yzbrrbqf2vhs7e5s5b5ghn7hrpj2c7a"
                        },
                        "meta": {},
                        "tainted": false
                    },
                    "deposed": [],
                    "provider": ""
                },
                "data.baremetal_identity_availability_domains.ADs": {
                    "type": "baremetal_identity_availability_domains",
                    "depends_on": [],
                    "primary": {
                        "id": "2017-09-07 20:07:40.961561 +0000 UTC",
                        "attributes": {
                            "availability_domains.#": "3",
                            "availability_domains.0.compartment_id": "ocid1.tenancy.oc1..aaaaaaaa7qrtmx66usnq3ijgsx5wem4jtncur2nioncm6v3xo7qciujtgwhq",
                            "availability_domains.0.name": "Rmpq:US-ASHBURN-AD-1",
                            "availability_domains.1.compartment_id": "ocid1.tenancy.oc1..aaaaaaaa7qrtmx66usnq3ijgsx5wem4jtncur2nioncm6v3xo7qciujtgwhq",
                            "availability_domains.1.name": "Rmpq:US-ASHBURN-AD-2",
                            "availability_domains.2.compartment_id": "ocid1.tenancy.oc1..aaaaaaaa7qrtmx66usnq3ijgsx5wem4jtncur2nioncm6v3xo7qciujtgwhq",
                            "availability_domains.2.name": "Rmpq:US-ASHBURN-AD-3",
                            "compartment_id": "ocid1.tenancy.oc1..aaaaaaaa7qrtmx66usnq3ijgsx5wem4jtncur2nioncm6v3xo7qciujtgwhq",
                            "id": "2017-09-07 20:07:40.961561 +0000 UTC"
                        },
                        "meta": {},
                        "tainted": false
                    },
                    "deposed": [],
                    "provider": ""
                }
            },
            "depends_on": []
        },
        {
            "path": [
                "root",
                "node-3"
            ],
            "outputs": {
                "private_ip": {
                    "sensitive": false,
                    "type": "string",
                    "value": "10.0.3.2"
                },
                "public_ip": {
                    "sensitive": false,
                    "type": "string",
                    "value": "129.213.52.54"
                }
            },
            "resources": {
                "baremetal_core_instance.compute_instance": {
                    "type": "baremetal_core_instance",
                    "depends_on": [
                        "data.baremetal_identity_availability_domains.ADs"
                    ],
                    "primary": {
                        "id": "ocid1.instance.oc1.iad.abuwcljtc3m2pzioa36oxlnf2jqgdnzyfz7d5jqfsppefcd52i6fp633vkza",
                        "attributes": {
                            "availability_domain": "Rmpq:US-ASHBURN-AD-3",
                            "compartment_id": "ocid1.compartment.oc1..aaaaaaaa6qol5npt7axqzq4ijrcds2mv7dxyj7wmnojl4jrmlmipr2nq7w6a",
                            "display_name": "Node-3",
                            "id": "ocid1.instance.oc1.iad.abuwcljtc3m2pzioa36oxlnf2jqgdnzyfz7d5jqfsppefcd52i6fp633vkza",
                            "image": "ocid1.image.oc1.iad.aaaaaaaajddos6sxjpjyaaqs6l7i7pph2xkphfadodeeyet3yoiumwseicda",
                            "ipxe_script": "",
                            "metadata.%": "1",
                            "metadata.ssh_authorized_keys": "ssh-rsa AAAAB3NzaC1yc2EAAAABJQAAAQEAubnNvitlK3yb2EFrbwPDfiTQqdQOlMBOw90Y7HuTHE5MFukR5D25tZUIPJQOVlhBn9Ox1qHVXDfdfq5DBrZ0NGKogd+gGjCa4ZW+05Yrzvg5a9BLn7KMxP1FA1RuleRz+Y4tY/sGl422xSlCqGOi+gPFcIHtg8vKlvMFzA+MDXLhlEib/A0b++GEaxqgzlKPQVkg5m8Ed1n2/hfTHvnmbAAWQtbZIJGsYCrnz1mFjd4Jwq+n0wRUTY/Maq56HVYPaKv1mTvcS85s2WZJfa1r8jGWYRgWkjobRmnBYsd+ZkVSXQzV5l9T8eBtpFcicjT51rkDNQLpIAuwfSZVTAunNw== rsa-key-20170220",
                            "private_ip": "10.0.3.2",
                            "public_ip": "129.213.52.54",
                            "region": "iad",
                            "shape": "VM.Standard1.1",
                            "state": "RUNNING",
                            "subnet_id": "ocid1.subnet.oc1.iad.aaaaaaaah3kewxs7pyw5eiudkkidb5boisjoqi5zhk2m5qjdix7gse5jom5q",
                            "time_created": "2017-09-07 20:08:28.732 +0000 UTC"
                        },
                        "meta": {
                            "e2bfb730-ecaa-11e6-8f88-34363bc7c4c0": {
                                "create": 7200000000000,
                                "delete": 7200000000000,
                                "update": 7200000000000
                            }
                        },
                        "tainted": false
                    },
                    "deposed": [],
                    "provider": ""
                },
                "data.baremetal_core_vnic.InstanceVnic": {
                    "type": "baremetal_core_vnic",
                    "depends_on": [
                        "data.baremetal_core_vnic_attachments.InstanceVnics"
                    ],
                    "primary": {
                        "id": "ocid1.vnic.oc1.iad.abuwcljt3rbhc6qkdgyqxxswc3o7ua3n63yzn47xa4h4hgusdscrz6wkl2mq",
                        "attributes": {
                            "availability_domain": "Rmpq:US-ASHBURN-AD-3",
                            "compartment_id": "ocid1.compartment.oc1..aaaaaaaa6qol5npt7axqzq4ijrcds2mv7dxyj7wmnojl4jrmlmipr2nq7w6a",
                            "display_name": "Node-3",
                            "hostname_label": "",
                            "id": "ocid1.vnic.oc1.iad.abuwcljt3rbhc6qkdgyqxxswc3o7ua3n63yzn47xa4h4hgusdscrz6wkl2mq",
                            "private_ip_address": "10.0.3.2",
                            "public_ip_address": "129.213.52.54",
                            "state": "AVAILABLE",
                            "subnet_id": "ocid1.subnet.oc1.iad.aaaaaaaah3kewxs7pyw5eiudkkidb5boisjoqi5zhk2m5qjdix7gse5jom5q",
                            "vnic_id": "ocid1.vnic.oc1.iad.abuwcljt3rbhc6qkdgyqxxswc3o7ua3n63yzn47xa4h4hgusdscrz6wkl2mq"
                        },
                        "meta": {},
                        "tainted": false
                    },
                    "deposed": [],
                    "provider": ""
                },
                "data.baremetal_core_vnic_attachments.InstanceVnics": {
                    "type": "baremetal_core_vnic_attachments",
                    "depends_on": [
                        "baremetal_core_instance.compute_instance",
                        "data.baremetal_identity_availability_domains.ADs"
                    ],
                    "primary": {
                        "id": "2017-09-07 20:09:13.5745819 +0000 UTC",
                        "attributes": {
                            "availability_domain": "Rmpq:US-ASHBURN-AD-3",
                            "compartment_id": "ocid1.compartment.oc1..aaaaaaaa6qol5npt7axqzq4ijrcds2mv7dxyj7wmnojl4jrmlmipr2nq7w6a",
                            "id": "2017-09-07 20:09:13.5745819 +0000 UTC",
                            "instance_id": "ocid1.instance.oc1.iad.abuwcljtc3m2pzioa36oxlnf2jqgdnzyfz7d5jqfsppefcd52i6fp633vkza",
                            "vnic_attachments.#": "1",
                            "vnic_attachments.0.availability_domain": "Rmpq:US-ASHBURN-AD-3",
                            "vnic_attachments.0.compartment_id": "ocid1.compartment.oc1..aaaaaaaa6qol5npt7axqzq4ijrcds2mv7dxyj7wmnojl4jrmlmipr2nq7w6a",
                            "vnic_attachments.0.display_name": "",
                            "vnic_attachments.0.id": "ocid1.vnicattachment.oc1.iad.abuwcljtcm3umrv5qjzqn7amyn7j3kxegx3pnocnu4qrvjcsodqcohylsmja",
                            "vnic_attachments.0.instance_id": "ocid1.instance.oc1.iad.abuwcljtc3m2pzioa36oxlnf2jqgdnzyfz7d5jqfsppefcd52i6fp633vkza",
                            "vnic_attachments.0.state": "ATTACHED",
                            "vnic_attachments.0.subnet_id": "ocid1.subnet.oc1.iad.aaaaaaaah3kewxs7pyw5eiudkkidb5boisjoqi5zhk2m5qjdix7gse5jom5q",
                            "vnic_attachments.0.time_created": "Thu, 07 Sep 2017 20:08:33 UTC",
                            "vnic_attachments.0.vnic_id": "ocid1.vnic.oc1.iad.abuwcljt3rbhc6qkdgyqxxswc3o7ua3n63yzn47xa4h4hgusdscrz6wkl2mq"
                        },
                        "meta": {},
                        "tainted": false
                    },
                    "deposed": [],
                    "provider": ""
                },
                "data.baremetal_identity_availability_domains.ADs": {
                    "type": "baremetal_identity_availability_domains",
                    "depends_on": [],
                    "primary": {
                        "id": "2017-09-07 20:07:40.961561 +0000 UTC",
                        "attributes": {
                            "availability_domains.#": "3",
                            "availability_domains.0.compartment_id": "ocid1.tenancy.oc1..aaaaaaaa7qrtmx66usnq3ijgsx5wem4jtncur2nioncm6v3xo7qciujtgwhq",
                            "availability_domains.0.name": "Rmpq:US-ASHBURN-AD-1",
                            "availability_domains.1.compartment_id": "ocid1.tenancy.oc1..aaaaaaaa7qrtmx66usnq3ijgsx5wem4jtncur2nioncm6v3xo7qciujtgwhq",
                            "availability_domains.1.name": "Rmpq:US-ASHBURN-AD-2",
                            "availability_domains.2.compartment_id": "ocid1.tenancy.oc1..aaaaaaaa7qrtmx66usnq3ijgsx5wem4jtncur2nioncm6v3xo7qciujtgwhq",
                            "availability_domains.2.name": "Rmpq:US-ASHBURN-AD-3",
                            "compartment_id": "ocid1.tenancy.oc1..aaaaaaaa7qrtmx66usnq3ijgsx5wem4jtncur2nioncm6v3xo7qciujtgwhq",
                            "id": "2017-09-07 20:07:40.961561 +0000 UTC"
                        },
                        "meta": {},
                        "tainted": false
                    },
                    "deposed": [],
                    "provider": ""
                }
            },
            "depends_on": []
        },
        {
            "path": [
                "root",
                "user-config"
            ],
            "outputs": {},
            "resources": {
                "null_resource.config_node_1": {
                    "type": "null_resource",
                    "depends_on": [],
                    "primary": {
                        "id": "293631427",
                        "attributes": {
                            "id": "293631427"
                        },
                        "meta": {},
                        "tainted": false
                    },
                    "deposed": [],
                    "provider": ""
                }
            },
            "depends_on": []
        },
        {
            "path": [
                "root",
                "vcn"
            ],
            "outputs": {
                "subnet1_ocid": {
                    "sensitive": false,
                    "type": "string",
                    "value": "ocid1.subnet.oc1.iad.aaaaaaaawctd46l4bl6jt5j2d33kbsb3xx76bbg7rq4jw626cp32yr52o7cq"
                },
                "subnet2_ocid": {
                    "sensitive": false,
                    "type": "string",
                    "value": "ocid1.subnet.oc1.iad.aaaaaaaasfqpzubyfyh6ksbfzebgso6j6oolacmprpxpfmltl56ctgouq4tq"
                },
                "subnet3_ocid": {
                    "sensitive": false,
                    "type": "string",
                    "value": "ocid1.subnet.oc1.iad.aaaaaaaah3kewxs7pyw5eiudkkidb5boisjoqi5zhk2m5qjdix7gse5jom5q"
                }
            },
            "resources": {
                "baremetal_core_internet_gateway.a_bmcs_template_IG": {
                    "type": "baremetal_core_internet_gateway",
                    "depends_on": [
                        "baremetal_core_virtual_network.a_bmcs_template_VCN"
                    ],
                    "primary": {
                        "id": "ocid1.internetgateway.oc1.iad.aaaaaaaadbjphal4gkebl2m6jknyqgb2c72ezjopratpugg7lexjsf7f2rvq",
                        "attributes": {
                            "compartment_id": "ocid1.compartment.oc1..aaaaaaaa6qol5npt7axqzq4ijrcds2mv7dxyj7wmnojl4jrmlmipr2nq7w6a",
                            "display_name": "a_bmcs_template_IG",
                            "enabled": "true",
                            "id": "ocid1.internetgateway.oc1.iad.aaaaaaaadbjphal4gkebl2m6jknyqgb2c72ezjopratpugg7lexjsf7f2rvq",
                            "state": "AVAILABLE",
                            "time_created": "2017-09-07 20:07:43.143 +0000 UTC",
                            "time_modified": "0001-01-01 00:00:00 +0000 UTC",
                            "vcn_id": "ocid1.vcn.oc1.iad.aaaaaaaajc5racj46xt6balbh23uykt5sxxdjbhzwxhwyl6662hdgqg223qa"
                        },
                        "meta": {
                            "e2bfb730-ecaa-11e6-8f88-34363bc7c4c0": {
                                "create": 300000000000,
                                "delete": 300000000000,
                                "update": 300000000000
                            }
                        },
                        "tainted": false
                    },
                    "deposed": [],
                    "provider": ""
                },
                "baremetal_core_route_table.a_bmcs_template_RT": {
                    "type": "baremetal_core_route_table",
                    "depends_on": [
                        "baremetal_core_internet_gateway.a_bmcs_template_IG",
                        "baremetal_core_virtual_network.a_bmcs_template_VCN"
                    ],
                    "primary": {
                        "id": "ocid1.routetable.oc1.iad.aaaaaaaabu2cyzmo2xkqj3gq2jlvgsqtyx43tf5oefgpj5bqefzz74lebmpa",
                        "attributes": {
                            "compartment_id": "ocid1.compartment.oc1..aaaaaaaa6qol5npt7axqzq4ijrcds2mv7dxyj7wmnojl4jrmlmipr2nq7w6a",
                            "display_name": "a_bmcs_template_RT",
                            "id": "ocid1.routetable.oc1.iad.aaaaaaaabu2cyzmo2xkqj3gq2jlvgsqtyx43tf5oefgpj5bqefzz74lebmpa",
                            "route_rules.#": "1",
                            "route_rules.0.cidr_block": "0.0.0.0/0",
                            "route_rules.0.network_entity_id": "ocid1.internetgateway.oc1.iad.aaaaaaaadbjphal4gkebl2m6jknyqgb2c72ezjopratpugg7lexjsf7f2rvq",
                            "state": "AVAILABLE",
                            "time_created": "2017-09-07 20:07:43.61 +0000 UTC",
                            "time_modified": "0001-01-01 00:00:00 +0000 UTC",
                            "vcn_id": "ocid1.vcn.oc1.iad.aaaaaaaajc5racj46xt6balbh23uykt5sxxdjbhzwxhwyl6662hdgqg223qa"
                        },
                        "meta": {
                            "e2bfb730-ecaa-11e6-8f88-34363bc7c4c0": {
                                "create": 300000000000,
                                "delete": 300000000000,
                                "update": 300000000000
                            }
                        },
                        "tainted": false
                    },
                    "deposed": [],
                    "provider": ""
                },
                "baremetal_core_security_list.a_bmcs_template_SL_Public": {
                    "type": "baremetal_core_security_list",
                    "depends_on": [
                        "baremetal_core_virtual_network.a_bmcs_template_VCN"
                    ],
                    "primary": {
                        "id": "ocid1.securitylist.oc1.iad.aaaaaaaaaokxbhso4ehvkap6a7llfln3h45nwazueqdfoprbhqoayaic6i5a",
                        "attributes": {
                            "compartment_id": "ocid1.compartment.oc1..aaaaaaaa6qol5npt7axqzq4ijrcds2mv7dxyj7wmnojl4jrmlmipr2nq7w6a",
                            "display_name": "a_bmcs_template_SL_Public",
                            "egress_security_rules.#": "1",
                            "egress_security_rules.0.destination": "0.0.0.0/0",
                            "egress_security_rules.0.icmp_options.#": "0",
                            "egress_security_rules.0.protocol": "6",
                            "egress_security_rules.0.stateless": "false",
                            "egress_security_rules.0.tcp_options.#": "0",
                            "egress_security_rules.0.udp_options.#": "0",
                            "id": "ocid1.securitylist.oc1.iad.aaaaaaaaaokxbhso4ehvkap6a7llfln3h45nwazueqdfoprbhqoayaic6i5a",
                            "ingress_security_rules.#": "2",
                            "ingress_security_rules.0.icmp_options.#": "0",
                            "ingress_security_rules.0.protocol": "6",
                            "ingress_security_rules.0.source": "0.0.0.0/0",
                            "ingress_security_rules.0.stateless": "false",
                            "ingress_security_rules.0.tcp_options.#": "1",
                            "ingress_security_rules.0.tcp_options.0.max": "40000",
                            "ingress_security_rules.0.tcp_options.0.min": "20",
                            "ingress_security_rules.0.udp_options.#": "0",
                            "ingress_security_rules.1.icmp_options.#": "0",
                            "ingress_security_rules.1.protocol": "6",
                            "ingress_security_rules.1.source": "10.0.0.0/16",
                            "ingress_security_rules.1.stateless": "false",
                            "ingress_security_rules.1.tcp_options.#": "0",
                            "ingress_security_rules.1.udp_options.#": "0",
                            "state": "AVAILABLE",
                            "time_created": "2017-09-07 20:07:43.315 +0000 UTC",
                            "vcn_id": "ocid1.vcn.oc1.iad.aaaaaaaajc5racj46xt6balbh23uykt5sxxdjbhzwxhwyl6662hdgqg223qa"
                        },
                        "meta": {
                            "e2bfb730-ecaa-11e6-8f88-34363bc7c4c0": {
                                "create": 300000000000,
                                "delete": 300000000000,
                                "update": 300000000000
                            }
                        },
                        "tainted": false
                    },
                    "deposed": [],
                    "provider": ""
                },
                "baremetal_core_subnet.a_bmcs_template_Public_SubnetAD1": {
                    "type": "baremetal_core_subnet",
                    "depends_on": [
                        "baremetal_core_route_table.a_bmcs_template_RT",
                        "baremetal_core_security_list.a_bmcs_template_SL_Public",
                        "baremetal_core_virtual_network.a_bmcs_template_VCN",
                        "data.baremetal_identity_availability_domains.ADs"
                    ],
                    "primary": {
                        "id": "ocid1.subnet.oc1.iad.aaaaaaaawctd46l4bl6jt5j2d33kbsb3xx76bbg7rq4jw626cp32yr52o7cq",
                        "attributes": {
                            "availability_domain": "Rmpq:US-ASHBURN-AD-1",
                            "cidr_block": "10.0.1.0/24",
                            "compartment_id": "ocid1.compartment.oc1..aaaaaaaa6qol5npt7axqzq4ijrcds2mv7dxyj7wmnojl4jrmlmipr2nq7w6a",
                            "dhcp_options_id": "ocid1.dhcpoptions.oc1.iad.aaaaaaaa2fwrs3cgbka5a7x5mcsrxjepmydtaz5xsqg4otgdusmmqmmkdtva",
                            "display_name": "a_bmcs_template_Public_SubnetAD1",
                            "dns_label": "",
                            "id": "ocid1.subnet.oc1.iad.aaaaaaaawctd46l4bl6jt5j2d33kbsb3xx76bbg7rq4jw626cp32yr52o7cq",
                            "prohibit_public_ip_on_vnic": "false",
                            "route_table_id": "ocid1.routetable.oc1.iad.aaaaaaaabu2cyzmo2xkqj3gq2jlvgsqtyx43tf5oefgpj5bqefzz74lebmpa",
                            "security_list_ids.#": "1",
                            "security_list_ids.100690652": "ocid1.securitylist.oc1.iad.aaaaaaaaaokxbhso4ehvkap6a7llfln3h45nwazueqdfoprbhqoayaic6i5a",
                            "state": "AVAILABLE",
                            "time_created": "2017-09-07 20:07:59.211 +0000 UTC",
                            "vcn_id": "ocid1.vcn.oc1.iad.aaaaaaaajc5racj46xt6balbh23uykt5sxxdjbhzwxhwyl6662hdgqg223qa",
                            "virtual_router_ip": "10.0.1.1",
                            "virtual_router_mac": "00:00:17:0C:CA:50"
                        },
                        "meta": {
                            "e2bfb730-ecaa-11e6-8f88-34363bc7c4c0": {
                                "create": 300000000000,
                                "delete": 300000000000,
                                "update": 300000000000
                            }
                        },
                        "tainted": false
                    },
                    "deposed": [],
                    "provider": ""
                },
                "baremetal_core_subnet.a_bmcs_template_Public_SubnetAD2": {
                    "type": "baremetal_core_subnet",
                    "depends_on": [
                        "baremetal_core_route_table.a_bmcs_template_RT",
                        "baremetal_core_security_list.a_bmcs_template_SL_Public",
                        "baremetal_core_virtual_network.a_bmcs_template_VCN",
                        "data.baremetal_identity_availability_domains.ADs"
                    ],
                    "primary": {
                        "id": "ocid1.subnet.oc1.iad.aaaaaaaasfqpzubyfyh6ksbfzebgso6j6oolacmprpxpfmltl56ctgouq4tq",
                        "attributes": {
                            "availability_domain": "Rmpq:US-ASHBURN-AD-2",
                            "cidr_block": "10.0.2.0/24",
                            "compartment_id": "ocid1.compartment.oc1..aaaaaaaa6qol5npt7axqzq4ijrcds2mv7dxyj7wmnojl4jrmlmipr2nq7w6a",
                            "dhcp_options_id": "ocid1.dhcpoptions.oc1.iad.aaaaaaaa2fwrs3cgbka5a7x5mcsrxjepmydtaz5xsqg4otgdusmmqmmkdtva",
                            "display_name": "a_bmcs_template_Public_SubnetAD2",
                            "dns_label": "",
                            "id": "ocid1.subnet.oc1.iad.aaaaaaaasfqpzubyfyh6ksbfzebgso6j6oolacmprpxpfmltl56ctgouq4tq",
                            "prohibit_public_ip_on_vnic": "false",
                            "route_table_id": "ocid1.routetable.oc1.iad.aaaaaaaabu2cyzmo2xkqj3gq2jlvgsqtyx43tf5oefgpj5bqefzz74lebmpa",
                            "security_list_ids.#": "1",
                            "security_list_ids.100690652": "ocid1.securitylist.oc1.iad.aaaaaaaaaokxbhso4ehvkap6a7llfln3h45nwazueqdfoprbhqoayaic6i5a",
                            "state": "AVAILABLE",
                            "time_created": "2017-09-07 20:07:59.79 +0000 UTC",
                            "vcn_id": "ocid1.vcn.oc1.iad.aaaaaaaajc5racj46xt6balbh23uykt5sxxdjbhzwxhwyl6662hdgqg223qa",
                            "virtual_router_ip": "10.0.2.1",
                            "virtual_router_mac": "00:00:17:0C:CA:50"
                        },
                        "meta": {
                            "e2bfb730-ecaa-11e6-8f88-34363bc7c4c0": {
                                "create": 300000000000,
                                "delete": 300000000000,
                                "update": 300000000000
                            }
                        },
                        "tainted": false
                    },
                    "deposed": [],
                    "provider": ""
                },
                "baremetal_core_subnet.a_bmcs_template_Public_SubnetAD3": {
                    "type": "baremetal_core_subnet",
                    "depends_on": [
                        "baremetal_core_route_table.a_bmcs_template_RT",
                        "baremetal_core_security_list.a_bmcs_template_SL_Public",
                        "baremetal_core_virtual_network.a_bmcs_template_VCN",
                        "data.baremetal_identity_availability_domains.ADs"
                    ],
                    "primary": {
                        "id": "ocid1.subnet.oc1.iad.aaaaaaaah3kewxs7pyw5eiudkkidb5boisjoqi5zhk2m5qjdix7gse5jom5q",
                        "attributes": {
                            "availability_domain": "Rmpq:US-ASHBURN-AD-3",
                            "cidr_block": "10.0.3.0/24",
                            "compartment_id": "ocid1.compartment.oc1..aaaaaaaa6qol5npt7axqzq4ijrcds2mv7dxyj7wmnojl4jrmlmipr2nq7w6a",
                            "dhcp_options_id": "ocid1.dhcpoptions.oc1.iad.aaaaaaaa2fwrs3cgbka5a7x5mcsrxjepmydtaz5xsqg4otgdusmmqmmkdtva",
                            "display_name": "a_bmcs_template_Public_SubnetAD3",
                            "dns_label": "",
                            "id": "ocid1.subnet.oc1.iad.aaaaaaaah3kewxs7pyw5eiudkkidb5boisjoqi5zhk2m5qjdix7gse5jom5q",
                            "prohibit_public_ip_on_vnic": "false",
                            "route_table_id": "ocid1.routetable.oc1.iad.aaaaaaaabu2cyzmo2xkqj3gq2jlvgsqtyx43tf5oefgpj5bqefzz74lebmpa",
                            "security_list_ids.#": "1",
                            "security_list_ids.100690652": "ocid1.securitylist.oc1.iad.aaaaaaaaaokxbhso4ehvkap6a7llfln3h45nwazueqdfoprbhqoayaic6i5a",
                            "state": "AVAILABLE",
                            "time_created": "2017-09-07 20:07:59.517 +0000 UTC",
                            "vcn_id": "ocid1.vcn.oc1.iad.aaaaaaaajc5racj46xt6balbh23uykt5sxxdjbhzwxhwyl6662hdgqg223qa",
                            "virtual_router_ip": "10.0.3.1",
                            "virtual_router_mac": "00:00:17:0C:CA:50"
                        },
                        "meta": {
                            "e2bfb730-ecaa-11e6-8f88-34363bc7c4c0": {
                                "create": 300000000000,
                                "delete": 300000000000,
                                "update": 300000000000
                            }
                        },
                        "tainted": false
                    },
                    "deposed": [],
                    "provider": ""
                },
                "baremetal_core_virtual_network.a_bmcs_template_VCN": {
                    "type": "baremetal_core_virtual_network",
                    "depends_on": [],
                    "primary": {
                        "id": "ocid1.vcn.oc1.iad.aaaaaaaajc5racj46xt6balbh23uykt5sxxdjbhzwxhwyl6662hdgqg223qa",
                        "attributes": {
                            "cidr_block": "10.0.0.0/16",
                            "compartment_id": "ocid1.compartment.oc1..aaaaaaaa6qol5npt7axqzq4ijrcds2mv7dxyj7wmnojl4jrmlmipr2nq7w6a",
                            "default_dhcp_options_id": "ocid1.dhcpoptions.oc1.iad.aaaaaaaa2fwrs3cgbka5a7x5mcsrxjepmydtaz5xsqg4otgdusmmqmmkdtva",
                            "default_route_table_id": "ocid1.routetable.oc1.iad.aaaaaaaaqjykpydr4kkmqo4gbcotuucnaebi4juwn6sgsmbwoz32kqugseua",
                            "default_security_list_id": "ocid1.securitylist.oc1.iad.aaaaaaaabfsa5bfxc24x7265awyrdoenhaaxxl5sawnvhtt77aujop2xxqia",
                            "display_name": "a_bmcs_template_VCN",
                            "dns_label": "",
                            "id": "ocid1.vcn.oc1.iad.aaaaaaaajc5racj46xt6balbh23uykt5sxxdjbhzwxhwyl6662hdgqg223qa",
                            "state": "AVAILABLE",
                            "time_created": "2017-09-07 20:07:42.836 +0000 UTC"
                        },
                        "meta": {
                            "e2bfb730-ecaa-11e6-8f88-34363bc7c4c0": {
                                "create": 300000000000,
                                "delete": 300000000000,
                                "update": 300000000000
                            }
                        },
                        "tainted": false
                    },
                    "deposed": [],
                    "provider": ""
                },
                "data.baremetal_identity_availability_domains.ADs": {
                    "type": "baremetal_identity_availability_domains",
                    "depends_on": [],
                    "primary": {
                        "id": "2017-09-07 20:07:40.961561 +0000 UTC",
                        "attributes": {
                            "availability_domains.#": "3",
                            "availability_domains.0.compartment_id": "ocid1.tenancy.oc1..aaaaaaaa7qrtmx66usnq3ijgsx5wem4jtncur2nioncm6v3xo7qciujtgwhq",
                            "availability_domains.0.name": "Rmpq:US-ASHBURN-AD-1",
                            "availability_domains.1.compartment_id": "ocid1.tenancy.oc1..aaaaaaaa7qrtmx66usnq3ijgsx5wem4jtncur2nioncm6v3xo7qciujtgwhq",
                            "availability_domains.1.name": "Rmpq:US-ASHBURN-AD-2",
                            "availability_domains.2.compartment_id": "ocid1.tenancy.oc1..aaaaaaaa7qrtmx66usnq3ijgsx5wem4jtncur2nioncm6v3xo7qciujtgwhq",
                            "availability_domains.2.name": "Rmpq:US-ASHBURN-AD-3",
                            "compartment_id": "ocid1.tenancy.oc1..aaaaaaaa7qrtmx66usnq3ijgsx5wem4jtncur2nioncm6v3xo7qciujtgwhq",
                            "id": "2017-09-07 20:07:40.961561 +0000 UTC"
                        },
                        "meta": {},
                        "tainted": false
                    },
                    "deposed": [],
                    "provider": ""
                }
            },
            "depends_on": []
        }
    ]
}
